
Microsoft Visual Studio Solution File, Format Version 12.00
# Visual Studio Version 16
VisualStudioVersion = 16.0.31112.23
MinimumVisualStudioVersion = 10.0.40219.1
Project("{FAE04EC0-301F-11D3-BF4B-00C04F79EFBC}") = "Fishing.Android", "Fishing.Android\Fishing.Android.csproj", "{1BACDB94-D741-47D5-8E29-0BC51758BB37}"
EndProject
Project("{FAE04EC0-301F-11D3-BF4B-00C04F79EFBC}") = "Fishing.iOS", "Fishing.iOS\Fishing.iOS.csproj", "{3D6CCABC-4E33-4184-97AD-3CB38ABFB6E4}"
EndProject
Project("{FAE04EC0-301F-11D3-BF4B-00C04F79EFBC}") = "Fishing", "Fishing\Fishing.csproj", "{C27CC683-03C3-4F21-B399-C98D23D5896B}"
EndProject
Global
	GlobalSection(SolutionConfigurationPlatforms) = preSolution
		Debug|Any CPU = Debug|Any CPU
		Debug|iPhone = Debug|iPhone
		Debug|iPhoneSimulator = Debug|iPhoneSimulator
		Release|Any CPU = Release|Any CPU
		Release|iPhone = Release|iPhone
		Release|iPhoneSimulator = Release|iPhoneSimulator
	EndGlobalSection
	GlobalSection(ProjectConfigurationPlatforms) = postSolution
		{1BACDB94-D741-47D5-8E29-0BC51758BB37}.Debug|Any CPU.ActiveCfg = Debug|Any CPU
		{1BACDB94-D741-47D5-8E29-0BC51758BB37}.Debug|Any CPU.Build.0 = Debug|Any CPU
		{1BACDB94-D741-47D5-8E29-0BC51758BB37}.Debug|Any CPU.Deploy.0 = Debug|Any CPU
		{1BACDB94-D741-47D5-8E29-0BC51758BB37}.Debug|iPhone.ActiveCfg = Debug|Any CPU
		{1BACDB94-D741-47D5-8E29-0BC51758BB37}.Debug|iPhone.Build.0 = Debug|Any CPU
		{1BACDB94-D741-47D5-8E29-0BC51758BB37}.Debug|iPhone.Deploy.0 = Debug|Any CPU
		{1BACDB94-D741-47D5-8E29-0BC51758BB37}.Debug|iPhoneSimulator.ActiveCfg = Debug|Any CPU
		{1BACDB94-D741-47D5-8E29-0BC51758BB37}.Debug|iPhoneSimulator.Build.0 = Debug|Any CPU
		{1BACDB94-D741-47D5-8E29-0BC51758BB37}.Debug|iPhoneSimulator.Deploy.0 = Debug|Any CPU
		{1BACDB94-D741-47D5-8E29-0BC51758BB37}.Release|Any CPU.ActiveCfg = Release|Any CPU
		{1BACDB94-D741-47D5-8E29-0BC51758BB37}.Release|Any CPU.Build.0 = Release|Any CPU
		{1BACDB94-D741-47D5-8E29-0BC51758BB37}.Release|Any CPU.Deploy.0 = Release|Any CPU
		{1BACDB94-D741-47D5-8E29-0BC51758BB37}.Release|iPhone.ActiveCfg = Release|Any CPU
		{1BACDB94-D741-47D5-8E29-0BC51758BB37}.Release|iPhone.Build.0 = Release|Any CPU
		{1BACDB94-D741-47D5-8E29-0BC51758BB37}.Release|iPhone.Deploy.0 = Release|Any CPU
		{1BACDB94-D741-47D5-8E29-0BC51758BB37}.Release|iPhoneSimulator.ActiveCfg = Release|Any CPU
		{1BACDB94-D741-47D5-8E29-0BC51758BB37}.Release|iPhoneSimulator.Build.0 = Release|Any CPU
		{1BACDB94-D741-47D5-8E29-0BC51758BB37}.Release|iPhoneSimulator.Deploy.0 = Release|Any CPU
		{3D6CCABC-4E33-4184-97AD-3CB38ABFB6E4}.Debug|Any CPU.ActiveCfg = Debug|iPhone
		{3D6CCABC-4E33-4184-97AD-3CB38ABFB6E4}.Debug|Any CPU.Build.0 = Debug|iPhone
		{3D6CCABC-4E33-4184-97AD-3CB38ABFB6E4}.Debug|Any CPU.Deploy.0 = Debug|iPhone
		{3D6CCABC-4E33-4184-97AD-3CB38ABFB6E4}.Debug|iPhone.ActiveCfg = Debug|iPhone
		{3D6CCABC-4E33-4184-97AD-3CB38ABFB6E4}.Debug|iPhone.Build.0 = Debug|iPhone
		{3D6CCABC-4E33-4184-97AD-3CB38ABFB6E4}.Debug|iPhone.Deploy.0 = Debug|iPhone
		{3D6CCABC-4E33-4184-97AD-3CB38ABFB6E4}.Debug|iPhoneSimulator.ActiveCfg = Debug|iPhoneSimulator
		{3D6CCABC-4E33-4184-97AD-3CB38ABFB6E4}.Debug|iPhoneSimulator.Build.0 = Debug|iPhoneSimulator
		{3D6CCABC-4E33-4184-97AD-3CB38ABFB6E4}.Debug|iPhoneSimulator.Deploy.0 = Debug|iPhoneSimulator
		{3D6CCABC-4E33-4184-97AD-3CB38ABFB6E4}.Release|Any CPU.ActiveCfg = Release|iPhoneSimulator
		{3D6CCABC-4E33-4184-97AD-3CB38ABFB6E4}.Release|Any CPU.Build.0 = Release|iPhoneSimulator
		{3D6CCABC-4E33-4184-97AD-3CB38ABFB6E4}.Release|Any CPU.Deploy.0 = Release|iPhoneSimulator
		{3D6CCABC-4E33-4184-97AD-3CB38ABFB6E4}.Release|iPhone.ActiveCfg = Release|iPhone
		{3D6CCABC-4E33-4184-97AD-3CB38ABFB6E4}.Release|iPhone.Build.0 = Release|iPhone
		{3D6CCABC-4E33-4184-97AD-3CB38ABFB6E4}.Release|iPhone.Deploy.0 = Release|iPhone
		{3D6CCABC-4E33-4184-97AD-3CB38ABFB6E4}.Release|iPhoneSimulator.ActiveCfg = Release|iPhoneSimulator
		{3D6CCABC-4E33-4184-97AD-3CB38ABFB6E4}.Release|iPhoneSimulator.Build.0 = Release|iPhoneSimulator
		{3D6CCABC-4E33-4184-97AD-3CB38ABFB6E4}.Release|iPhoneSimulator.Deploy.0 = Release|iPhoneSimulator
		{C27CC683-03C3-4F21-B399-C98D23D5896B}.Debug|Any CPU.ActiveCfg = Debug|Any CPU
		{C27CC683-03C3-4F21-B399-C98D23D5896B}.Debug|Any CPU.Build.0 = Debug|Any CPU
		{C27CC683-03C3-4F21-B399-C98D23D5896B}.Debug|Any CPU.Deploy.0 = Debug|Any CPU
		{C27CC683-03C3-4F21-B399-C98D23D5896B}.Debug|iPhone.ActiveCfg = Debug|Any CPU
		{C27CC683-03C3-4F21-B399-C98D23D5896B}.Debug|iPhone.Build.0 = Debug|Any CPU
		{C27CC683-03C3-4F21-B399-C98D23D5896B}.Debug|iPhone.Deploy.0 = Debug|Any CPU
		{C27CC683-03C3-4F21-B399-C98D23D5896B}.Debug|iPhoneSimulator.ActiveCfg = Debug|Any CPU
		{C27CC683-03C3-4F21-B399-C98D23D5896B}.Debug|iPhoneSimulator.Build.0 = Debug|Any CPU
		{C27CC683-03C3-4F21-B399-C98D23D5896B}.Debug|iPhoneSimulator.Deploy.0 = Debug|Any CPU
		{C27CC683-03C3-4F21-B399-C98D23D5896B}.Release|Any CPU.ActiveCfg = Release|Any CPU
		{C27CC683-03C3-4F21-B399-C98D23D5896B}.Release|Any CPU.Build.0 = Release|Any CPU
		{C27CC683-03C3-4F21-B399-C98D23D5896B}.Release|Any CPU.Deploy.0 = Release|Any CPU
		{C27CC683-03C3-4F21-B399-C98D23D5896B}.Release|iPhone.ActiveCfg = Release|Any CPU
		{C27CC683-03C3-4F21-B399-C98D23D5896B}.Release|iPhone.Build.0 = Release|Any CPU
		{C27CC683-03C3-4F21-B399-C98D23D5896B}.Release|iPhone.Deploy.0 = Release|Any CPU
		{C27CC683-03C3-4F21-B399-C98D23D5896B}.Release|iPhoneSimulator.ActiveCfg = Release|Any CPU
		{C27CC683-03C3-4F21-B399-C98D23D5896B}.Release|iPhoneSimulator.Build.0 = Release|Any CPU
		{C27CC683-03C3-4F21-B399-C98D23D5896B}.Release|iPhoneSimulator.Deploy.0 = Release|Any CPU
	EndGlobalSection
	GlobalSection(SolutionProperties) = preSolution
		HideSolutionNode = FALSE
	EndGlobalSection
	GlobalSection(ExtensibilityGlobals) = postSolution
		SolutionGuid = {2D984850-0EBC-419D-8DBF-E5C0D85C0FCA}
	EndGlobalSection
EndGlobal
